<?xml version="1.0" encoding="UTF-8" standalone="yes" ?>
<CodeBlocks_project_file>
	<FileVersion major="1" minor="6" />
	<Project>
		<Option title="Iki" />
		<Option execution_dir="../ejemplo2" />
		<Option pch_mode="0" />
		<Option default_target="Windows" />
		<Option compiler="gcc" />
		<MakeCommands>
			<Build command="$make -f $makefile" />
			<CompileFile command="$make -f $makefile $file" />
			<Clean command="$make -f $makefile clean" />
			<DistClean command="$make -f $makefile distclean$target" />
			<AskRebuildNeeded command="$make -q -f $makefile " />
			<SilentBuild command="$make -f $makefile &gt; $(CMD_NULL)" />
		</MakeCommands>
		<Build>
			<Target title="Windows">
				<Option platforms="Windows;" />
				<Option output="ejemplo" prefix_auto="0" extension_auto="1" />
				<Option object_output="../../../../../.objs" />
				<Option type="1" />
				<Option compiler="gcc" />
				<Option projectResourceIncludeDirsRelation="1" />
				<Compiler>
					<Add option="-std=c++11" />
					<Add option="-g" />
					<Add directory="include" />
					<Add directory="include/Triggers" />
					<Add directory="include/StateMachine" />
					<Add directory="include/SoundEngine" />
					<Add directory="include/Enemies/StateMachine" />
					<Add directory="include/assimp" />
					<Add directory="include/GL" />
					<Add directory="include/glm" />
					<Add directory="include/SDL2" />
					<Add directory="include/TAG" />
				</Compiler>
				<Linker>
					<Add directory="../../lib/Win32-gcc" />
				</Linker>
				<MakeCommands>
					<Build command="$make -f $makefile " />
					<CompileFile command="$make -f $makefile $$file" />
					<Clean command="$make -f $makefile clean" />
					<DistClean command="$make -f $makefile distclean$target" />
					<AskRebuildNeeded command="$make -q -f $makefile " />
					<SilentBuild command="$make -f $makefile  &gt; $(CMD_NULL)" />
				</MakeCommands>
			</Target>
			<Target title="Linux">
				<Option platforms="Unix;" />
				<Option output="../../bin/Linux/MouseAndJoystick" prefix_auto="0" extension_auto="0" />
				<Option type="1" />
				<Option compiler="gcc" />
				<Compiler>
					<Add option="-g" />
					<Add option="-D_IRR_STATIC_LIB_" />
					<Add directory="include" />
					<Add directory="include/Triggers" />
					<Add directory="include/StateMachine" />
					<Add directory="include/SoundEngine" />
					<Add directory="include/Enemies/StateMachine" />
				</Compiler>
				<Linker>
					<Add library="Xxf86vm" />
					<Add library="X11" />
					<Add library="GL" />
					<Add directory="../../lib/Linux" />
				</Linker>
			</Target>
		</Build>
		<VirtualTargets>
			<Add alias="All" targets="Windows;Linux;" />
		</VirtualTargets>
		<Compiler>
			<Add option="-g" />
			<Add directory="../irrlicht-1.8.4/include" />
			<Add directory="../irrKlang-1.5.0/include" />
			<Add directory="../Box2D" />
		</Compiler>
		<Linker>
			<Add option="-Llib -lmingw32 -lSDL2main -lSDL2" />
			<Add library="lib/glew32s.lib" />
			<Add library="Irrlicht" />
			<Add library="lib/libbox2d.a" />
			<Add library="lib/libirrKlang.a" />
			<Add library="lib/libassimp.dll.a" />
			<Add library="lib/glew32.lib" />
			<Add library="lib/libopenal32.a" />
			<Add library="lib/libopengl32.a" />
			<Add library="lib/libSDL2.dll.a" />
			<Add directory="../irrlicht-1.8.4/lib/Win32-gcc" />
			<Add directory="../irrKlang-1.5.0/lib/Win32-gcc" />
		</Linker>
		<Unit filename="Makefile" />
		<Unit filename="include/Enemies/Dron.h" />
		<Unit filename="include/Enemies/Guardia.h" />
		<Unit filename="include/Enemies/Medico.h" />
		<Unit filename="include/Enemies/Path/Algoritmo.h" />
		<Unit filename="include/Enemies/Path/Edge.h" />
		<Unit filename="include/Enemies/Path/Heuristic_Euclid.h" />
		<Unit filename="include/Enemies/Path/Nodo.h" />
		<Unit filename="include/Enemies/Path/PathEdge.h" />
		<Unit filename="include/Enemies/Path/PathFinding.h" />
		<Unit filename="include/Enemies/Path/PathPlanner.h" />
		<Unit filename="include/Enemies/Path/PreCalculated.h" />
		<Unit filename="include/Enemies/Path/PriorityQueue.h" />
		<Unit filename="include/Enemies/Path/SparseGraph.h" />
		<Unit filename="include/Enemies/StateMachine/Alarma.h" />
		<Unit filename="include/Enemies/StateMachine/Atacar.h" />
		<Unit filename="include/Enemies/StateMachine/Congelado.h" />
		<Unit filename="include/Enemies/StateMachine/EnviarMensaje.h" />
		<Unit filename="include/Enemies/StateMachine/Escanear.h" />
		<Unit filename="include/Enemies/StateMachine/Escuchar.h" />
		<Unit filename="include/Enemies/StateMachine/Huir.h" />
		<Unit filename="include/Enemies/StateMachine/Investigar.h" />
		<Unit filename="include/Enemies/StateMachine/Mensaje.h" />
		<Unit filename="include/Enemies/StateMachine/Muerto.h" />
		<Unit filename="include/Enemies/StateMachine/Patrullar.h" />
		<Unit filename="include/Enemies/StateMachine/PedirAyuda.h" />
		<Unit filename="include/Enemies/StateMachine/Proteger.h" />
		<Unit filename="include/Enemies/StateMachine/State.h" />
		<Unit filename="include/Enemies/StateMachine/StateMachine.h" />
		<Unit filename="include/Enemies/StateMachine/Vigilar.h" />
		<Unit filename="include/Enemies/StateMachine/VolverALaPatrulla.h" />
		<Unit filename="include/Enemy.h" />
		<Unit filename="include/EntityManager.h" />
		<Unit filename="include/Fachada/AnimatedMesh.h" />
		<Unit filename="include/Fachada/Camera.h" />
		<Unit filename="include/Fachada/GraphicsFacade.h" />
		<Unit filename="include/Fachada/Image.h" />
		<Unit filename="include/Fachada/MeshSceneNode.h" />
		<Unit filename="include/Fachada/SceneNode.h" />
		<Unit filename="include/GUI/GUI.h" />
		<Unit filename="include/GUI/GUI_Button.h" />
		<Unit filename="include/GUI/GUI_Component.h" />
		<Unit filename="include/GUI/GUI_Control.h" />
		<Unit filename="include/GUI/GUI_Menu.h" />
		<Unit filename="include/GUI/GUI_Title.h" />
		<Unit filename="include/GUI/GUI_VolumeControl.h" />
		<Unit filename="include/GUI/HUD.h" />
		<Unit filename="include/GUI/HUD_Element.h" />
		<Unit filename="include/Game.h" />
		<Unit filename="include/GameEntity.h" />
		<Unit filename="include/LevelData.h" />
		<Unit filename="include/Map.h" />
		<Unit filename="include/MapComponent.h" />
		<Unit filename="include/Menu.h" />
		<Unit filename="include/MyEventReceiver.h" />
		<Unit filename="include/PatrolPoint.h" />
		<Unit filename="include/PatrolRoute.h" />
		<Unit filename="include/PhisicsWorld.h" />
		<Unit filename="include/Player.h" />
		<Unit filename="include/Player_Ray.h" />
		<Unit filename="include/Scene.h" />
		<Unit filename="include/SoundEngine/SoundManager.h" />
		<Unit filename="include/Structs.h" />
		<Unit filename="include/TAG/TAnimacion.h" />
		<Unit filename="include/TAG/TCamara.h" />
		<Unit filename="include/TAG/TDisplay.h" />
		<Unit filename="include/TAG/TEntidad.h" />
		<Unit filename="include/TAG/TGestorRecursos.h" />
		<Unit filename="include/TAG/TLuz.h" />
		<Unit filename="include/TAG/TMalla.h" />
		<Unit filename="include/TAG/TMallaCache.h" />
		<Unit filename="include/TAG/TMatriz.h" />
		<Unit filename="include/TAG/TMotorTAG.h" />
		<Unit filename="include/TAG/TNodo.h" />
		<Unit filename="include/TAG/TRecurso.h" />
		<Unit filename="include/TAG/TRecursoMalla.h" />
		<Unit filename="include/TAG/TRecursoMaterial.h" />
		<Unit filename="include/TAG/TShader.h" />
		<Unit filename="include/TAG/TTextura.h" />
		<Unit filename="include/TAG/TTexturaCache.h" />
		<Unit filename="include/TAG/TTransform.h" />
		<Unit filename="include/TAG/stb_image.h" />
		<Unit filename="include/Triggers/Trigger.h" />
		<Unit filename="include/Triggers/TriggerFactory.h" />
		<Unit filename="include/Triggers/TriggerRegion.h" />
		<Unit filename="include/Triggers/TriggerRegion_Circle.h" />
		<Unit filename="include/Triggers/TriggerRegion_Rectangle.h" />
		<Unit filename="include/Triggers/TriggerSystem.h" />
		<Unit filename="include/Triggers/Trigger_Llave.h" />
		<Unit filename="include/Triggers/Trigger_Municion.h" />
		<Unit filename="include/Triggers/Trigger_Puerta.h" />
		<Unit filename="include/Triggers/Trigger_PuertaLlave.h" />
		<Unit filename="include/Triggers/Trigger_Respawning.h" />
		<Unit filename="include/Triggers/Trigger_Ruido.h" />
		<Unit filename="include/Triggers/Trigger_Torreta.h" />
		<Unit filename="include/Vector2D.h" />
		<Unit filename="include/World.h" />
		<Unit filename="include/tinyxml2.h" />
		<Unit filename="main.cpp" />
		<Unit filename="src/Enemies/Dron.cpp" />
		<Unit filename="src/Enemies/Guardia.cpp" />
		<Unit filename="src/Enemies/Medico.cpp" />
		<Unit filename="src/Enemies/Path/Algoritmo.cpp" />
		<Unit filename="src/Enemies/Path/Edge.cpp" />
		<Unit filename="src/Enemies/Path/Heuristic_Euclid.cpp" />
		<Unit filename="src/Enemies/Path/Nodo.cpp" />
		<Unit filename="src/Enemies/Path/PathEdge.cpp" />
		<Unit filename="src/Enemies/Path/PathFinding.cpp" />
		<Unit filename="src/Enemies/Path/PathPlanner.cpp" />
		<Unit filename="src/Enemies/Path/SparseGraph.cpp" />
		<Unit filename="src/Enemies/StateMachine/Alarma.cpp" />
		<Unit filename="src/Enemies/StateMachine/Atacar.cpp" />
		<Unit filename="src/Enemies/StateMachine/Congelado.cpp" />
		<Unit filename="src/Enemies/StateMachine/EnviarMensaje.cpp" />
		<Unit filename="src/Enemies/StateMachine/Escanear.cpp" />
		<Unit filename="src/Enemies/StateMachine/Escuchar.cpp" />
		<Unit filename="src/Enemies/StateMachine/Huir.cpp" />
		<Unit filename="src/Enemies/StateMachine/Investigar.cpp" />
		<Unit filename="src/Enemies/StateMachine/Mensaje.cpp" />
		<Unit filename="src/Enemies/StateMachine/Muerto.cpp" />
		<Unit filename="src/Enemies/StateMachine/Patrullar.cpp" />
		<Unit filename="src/Enemies/StateMachine/PedirAyuda.cpp" />
		<Unit filename="src/Enemies/StateMachine/Proteger.cpp" />
		<Unit filename="src/Enemies/StateMachine/State.cpp" />
		<Unit filename="src/Enemies/StateMachine/StateMachine.cpp" />
		<Unit filename="src/Enemies/StateMachine/Vigilar.cpp" />
		<Unit filename="src/Enemies/StateMachine/VolverALaPatrulla.cpp" />
		<Unit filename="src/Enemy.cpp" />
		<Unit filename="src/EntityManager.cpp" />
		<Unit filename="src/Fachada/AnimatedMesh.cpp" />
		<Unit filename="src/Fachada/Camera.cpp" />
		<Unit filename="src/Fachada/GraphicsFacade.cpp" />
		<Unit filename="src/Fachada/Image.cpp" />
		<Unit filename="src/Fachada/MeshSceneNode.cpp" />
		<Unit filename="src/Fachada/SceneNode.cpp" />
		<Unit filename="src/GUI/GUI.cpp" />
		<Unit filename="src/GUI/GUI_Button.cpp" />
		<Unit filename="src/GUI/GUI_Component.cpp" />
		<Unit filename="src/GUI/GUI_Control.cpp" />
		<Unit filename="src/GUI/GUI_Menu.cpp" />
		<Unit filename="src/GUI/GUI_Title.cpp" />
		<Unit filename="src/GUI/GUI_VolumeControl.cpp" />
		<Unit filename="src/GUI/HUD.cpp" />
		<Unit filename="src/GUI/HUD_Element.cpp" />
		<Unit filename="src/Game.cpp" />
		<Unit filename="src/GameEntity.cpp" />
		<Unit filename="src/LevelData.cpp" />
		<Unit filename="src/Map.cpp" />
		<Unit filename="src/MapComponent.cpp" />
		<Unit filename="src/Menu.cpp" />
		<Unit filename="src/MyEventReceiver.cpp" />
		<Unit filename="src/PatrolPoint.cpp" />
		<Unit filename="src/PatrolRoute.cpp" />
		<Unit filename="src/PhisicsWorld.cpp" />
		<Unit filename="src/Player.cpp" />
		<Unit filename="src/Player_Ray.cpp" />
		<Unit filename="src/Scene.cpp" />
		<Unit filename="src/SoundEngine/SoundManager.cpp" />
		<Unit filename="src/Structs.cpp" />
		<Unit filename="src/TAG/TAnimacion.cpp" />
		<Unit filename="src/TAG/TCamara.cpp" />
		<Unit filename="src/TAG/TDisplay.cpp" />
		<Unit filename="src/TAG/TEntidad.cpp" />
		<Unit filename="src/TAG/TGestorRecursos.cpp" />
		<Unit filename="src/TAG/TLuz.cpp" />
		<Unit filename="src/TAG/TMalla.cpp" />
		<Unit filename="src/TAG/TMallaCache.cpp" />
		<Unit filename="src/TAG/TMatriz.cpp" />
		<Unit filename="src/TAG/TMotorTAG.cpp" />
		<Unit filename="src/TAG/TNodo.cpp" />
		<Unit filename="src/TAG/TRecurso.cpp" />
		<Unit filename="src/TAG/TRecursoMalla.cpp" />
		<Unit filename="src/TAG/TRecursoMaterial.cpp" />
		<Unit filename="src/TAG/TShader.cpp" />
		<Unit filename="src/TAG/TTextura.cpp" />
		<Unit filename="src/TAG/TTexturaCache.cpp" />
		<Unit filename="src/TAG/TTransform.cpp" />
		<Unit filename="src/TAG/stb_image.cpp" />
		<Unit filename="src/Triggers/Trigger.cpp" />
		<Unit filename="src/Triggers/TriggerFactory.cpp" />
		<Unit filename="src/Triggers/TriggerRegion.cpp" />
		<Unit filename="src/Triggers/TriggerRegion_Circle.cpp" />
		<Unit filename="src/Triggers/TriggerRegion_Rectangle.cpp" />
		<Unit filename="src/Triggers/TriggerSystem.cpp" />
		<Unit filename="src/Triggers/Trigger_Aceite.cpp" />
		<Unit filename="src/Triggers/Trigger_Llave.cpp" />
		<Unit filename="src/Triggers/Trigger_Municion.cpp" />
		<Unit filename="src/Triggers/Trigger_Puerta.cpp" />
		<Unit filename="src/Triggers/Trigger_PuertaLlave.cpp" />
		<Unit filename="src/Triggers/Trigger_Respawning.cpp" />
		<Unit filename="src/Triggers/Trigger_Ruido.cpp" />
		<Unit filename="src/Triggers/Trigger_Torreta.cpp" />
		<Unit filename="src/World.cpp" />
		<Unit filename="src/tinyxml2.cpp" />
		<Extensions>
			<code_completion />
			<debugger />
			<envvars />
		</Extensions>
	</Project>
</CodeBlocks_project_file>
