<?xml version="1.0" encoding="UTF-8" standalone="yes" ?>
<CodeBlocks_project_file>
	<FileVersion major="1" minor="6" />
	<Project>
		<Option title="Iki" />
		<Option execution_dir="../ejemplo2" />
		<Option pch_mode="0" />
		<Option default_target="Windows" />
		<Option compiler="gcc" />
		<MakeCommands>
			<Build command="$make -f $makefile" />
			<CompileFile command="$make -f $makefile $file" />
			<Clean command="$make -f $makefile clean" />
			<DistClean command="$make -f $makefile distclean$target" />
			<AskRebuildNeeded command="$make -q -f $makefile " />
			<SilentBuild command="$make -f $makefile &gt; $(CMD_NULL)" />
		</MakeCommands>
		<Build>
			<Target title="Windows">
				<Option platforms="Windows;" />
				<Option output="ejemplo" prefix_auto="0" extension_auto="1" />
				<Option object_output="../../../../../.objs" />
				<Option type="1" />
				<Option compiler="gcc" />
				<Option projectResourceIncludeDirsRelation="1" />
				<Compiler>
					<Add option="-std=c++11" />
					<Add option="-g" />
					<Add directory="include" />
					<Add directory="include/Triggers" />
					<Add directory="include/StateMachine" />
				</Compiler>
				<Linker>
					<Add directory="../../lib/Win32-gcc" />
				</Linker>
				<MakeCommands>
					<Build command="$make -f $makefile " />
					<CompileFile command="$make -f $makefile $$file" />
					<Clean command="$make -f $makefile clean" />
					<DistClean command="$make -f $makefile distclean$target" />
					<AskRebuildNeeded command="$make -q -f $makefile " />
					<SilentBuild command="$make -f $makefile  &gt; $(CMD_NULL)" />
				</MakeCommands>
			</Target>
			<Target title="Linux">
				<Option platforms="Unix;" />
				<Option output="../../bin/Linux/MouseAndJoystick" prefix_auto="0" extension_auto="0" />
				<Option type="1" />
				<Option compiler="gcc" />
				<Compiler>
					<Add option="-g" />
					<Add option="-D_IRR_STATIC_LIB_" />
					<Add directory="include" />
					<Add directory="include/Triggers" />
					<Add directory="include/StateMachine" />
				</Compiler>
				<Linker>
					<Add library="Xxf86vm" />
					<Add library="X11" />
					<Add library="GL" />
					<Add directory="../../lib/Linux" />
				</Linker>
			</Target>
		</Build>
		<VirtualTargets>
			<Add alias="All" targets="Windows;Linux;" />
		</VirtualTargets>
		<Compiler>
			<Add option="-g" />
			<Add directory="../irrlicht-1.8.4/include" />
			<Add directory="../irrKlang-1.5.0/include" />
			<Add directory="../Box2D" />
		</Compiler>
		<Linker>
			<Add library="Irrlicht" />
			<Add library="lib/libbox2d.a" />
			<Add library="lib/libirrKlang.a" />
			<Add directory="../irrlicht-1.8.4/lib/Win32-gcc" />
			<Add directory="../irrKlang-1.5.0/lib/Win32-gcc" />
		</Linker>
		<Unit filename="Makefile" />
		<Unit filename="include/Dron.h" />
		<Unit filename="include/Enemy.h" />
		<Unit filename="include/EntityManager.h" />
		<Unit filename="include/Fachada/AnimatedMesh.h" />
		<Unit filename="include/Fachada/Camera.h" />
		<Unit filename="include/Fachada/GraphicsFacade.h" />
		<Unit filename="include/Fachada/MeshSceneNode.h" />
		<Unit filename="include/Fachada/SceneNode.h" />
		<Unit filename="include/GameEntity.h" />
		<Unit filename="include/Guardia.h" />
		<Unit filename="include/LevelData.h" />
		<Unit filename="include/Map.h" />
		<Unit filename="include/MapComponent.h" />
		<Unit filename="include/Medico.h" />
		<Unit filename="include/MyEventReceiver.h" />
		<Unit filename="include/Path/Algoritmo.h" />
		<Unit filename="include/Path/Edge.h" />
		<Unit filename="include/Path/Heuristic_Euclid.h" />
		<Unit filename="include/Path/NavGraph.h" />
		<Unit filename="include/Path/Nodo.h" />
		<Unit filename="include/Path/PathEdge.h" />
		<Unit filename="include/Path/PathFinding.h" />
		<Unit filename="include/Path/PathPlanner.h" />
		<Unit filename="include/Path/PriorityQueue.h" />
		<Unit filename="include/Path/SparseGraph.h" />
		<Unit filename="include/PatrolPoint.h" />
		<Unit filename="include/PatrolRoute.h" />
		<Unit filename="include/PhisicsWorld.h" />
		<Unit filename="include/Player.h" />
		<Unit filename="include/Player_Ray.h" />
		<Unit filename="include/Scene.h" />
		<Unit filename="include/StateMachine/EnviarMensaje.h" />
		<Unit filename="include/StateMachine/Investigar.h" />
		<Unit filename="include/StateMachine/Mensaje.h" />
		<Unit filename="include/StateMachine/Patrullar.h" />
		<Unit filename="include/StateMachine/PedirAyuda.h" />
		<Unit filename="include/StateMachine/Proteger.h" />
		<Unit filename="include/StateMachine/State.h" />
		<Unit filename="include/StateMachine/StateMachine.h" />
		<Unit filename="include/StateMachine/Vigilar.h" />
		<Unit filename="include/Structs.h" />
		<Unit filename="include/Triggers/Trigger.h" />
		<Unit filename="include/Triggers/TriggerFactory.h" />
		<Unit filename="include/Triggers/TriggerRegion.h" />
		<Unit filename="include/Triggers/TriggerRegion_Circle.h" />
		<Unit filename="include/Triggers/TriggerRegion_Rectangle.h" />
		<Unit filename="include/Triggers/TriggerSystem.h" />
		<Unit filename="include/Triggers/Trigger_Llave.h" />
		<Unit filename="include/Triggers/Trigger_Municion.h" />
		<Unit filename="include/Triggers/Trigger_Puerta.h" />
		<Unit filename="include/Triggers/Trigger_PuertaLlave.h" />
		<Unit filename="include/Triggers/Trigger_Respawning.h" />
		<Unit filename="include/Triggers/Trigger_Ruido.h" />
		<Unit filename="include/World.h" />
		<Unit filename="include/tinyxml2.h" />
		<Unit filename="main.cpp" />
		<Unit filename="src/Dron.cpp" />
		<Unit filename="src/Enemy.cpp" />
		<Unit filename="src/EntityManager.cpp" />
		<Unit filename="src/Fachada/AnimatedMesh.cpp" />
		<Unit filename="src/Fachada/Camera.cpp" />
		<Unit filename="src/Fachada/GraphicsFacade.cpp" />
		<Unit filename="src/Fachada/MeshSceneNode.cpp" />
		<Unit filename="src/Fachada/SceneNode.cpp" />
		<Unit filename="src/GameEntity.cpp" />
		<Unit filename="src/Guardia.cpp" />
		<Unit filename="src/LevelData.cpp" />
		<Unit filename="src/Map.cpp" />
		<Unit filename="src/MapComponent.cpp" />
		<Unit filename="src/Medico.cpp" />
		<Unit filename="src/MyEventReceiver.cpp" />
		<Unit filename="src/Path/Algoritmo.cpp" />
		<Unit filename="src/Path/Edge.cpp" />
		<Unit filename="src/Path/Heuristic_Euclid.cpp" />
		<Unit filename="src/Path/NavGraph.cpp" />
		<Unit filename="src/Path/Nodo.cpp" />
		<Unit filename="src/Path/PathEdge.cpp" />
		<Unit filename="src/Path/PathFinding.cpp" />
		<Unit filename="src/Path/PathPlanner.cpp" />
		<Unit filename="src/Path/SparseGraph.cpp" />
		<Unit filename="src/PatrolPoint.cpp" />
		<Unit filename="src/PatrolRoute.cpp" />
		<Unit filename="src/PhisicsWorld.cpp" />
		<Unit filename="src/Player.cpp" />
		<Unit filename="src/Player_Ray.cpp" />
		<Unit filename="src/Scene.cpp" />
		<Unit filename="src/StateMachine/EnviarMensaje.cpp" />
		<Unit filename="src/StateMachine/Investigar.cpp" />
		<Unit filename="src/StateMachine/Mensaje.cpp" />
		<Unit filename="src/StateMachine/Patrullar.cpp" />
		<Unit filename="src/StateMachine/PedirAyuda.cpp" />
		<Unit filename="src/StateMachine/Proteger.cpp" />
		<Unit filename="src/StateMachine/State.cpp" />
		<Unit filename="src/StateMachine/StateMachine.cpp" />
		<Unit filename="src/StateMachine/Vigilar.cpp" />
		<Unit filename="src/Structs.cpp" />
		<Unit filename="src/Triggers/Trigger.cpp" />
		<Unit filename="src/Triggers/TriggerFactory.cpp" />
		<Unit filename="src/Triggers/TriggerRegion.cpp" />
		<Unit filename="src/Triggers/TriggerRegion_Circle.cpp" />
		<Unit filename="src/Triggers/TriggerRegion_Rectangle.cpp" />
		<Unit filename="src/Triggers/TriggerSystem.cpp" />
		<Unit filename="src/Triggers/Trigger_Llave.cpp" />
		<Unit filename="src/Triggers/Trigger_Municion.cpp" />
		<Unit filename="src/Triggers/Trigger_Puerta.cpp" />
		<Unit filename="src/Triggers/Trigger_PuertaLlave.cpp" />
		<Unit filename="src/Triggers/Trigger_Respawning.cpp" />
		<Unit filename="src/Triggers/Trigger_Ruido.cpp" />
		<Unit filename="src/World.cpp" />
		<Unit filename="src/tinyxml2.cpp" />
		<Extensions>
			<code_completion />
			<debugger />
			<envvars />
		</Extensions>
	</Project>
</CodeBlocks_project_file>
