<?xml version="1.0" encoding="UTF-8" standalone="yes" ?>
<CodeBlocks_project_file>
	<FileVersion major="1" minor="6" />
	<Project>
		<Option title="MouseAndJoystick" />
		<Option execution_dir="../ejemplo2" />
		<Option pch_mode="0" />
		<Option default_target="Windows" />
		<Option compiler="gcc" />
		<MakeCommands>
			<Build command="$make -f $makefile" />
			<CompileFile command="$make -f $makefile $file" />
			<Clean command="$make -f $makefile clean" />
			<DistClean command="$make -f $makefile distclean$target" />
			<AskRebuildNeeded command="$make -q -f $makefile " />
			<SilentBuild command="$make -f $makefile &gt; $(CMD_NULL)" />
		</MakeCommands>
		<Build>
			<Target title="Windows">
				<Option platforms="Windows;" />
				<Option output="ejemplo" prefix_auto="0" extension_auto="1" />
				<Option type="1" />
				<Option compiler="gcc" />
				<Option projectResourceIncludeDirsRelation="1" />
				<Compiler>
					<Add option="-g" />
					<Add directory="include" />
				</Compiler>
				<Linker>
					<Add directory="../../lib/Win32-gcc" />
				</Linker>
				<MakeCommands>
					<Build command="$make -f $makefile " />
					<CompileFile command="$make -f $makefile $$file" />
					<Clean command="$make -f $makefile clean" />
					<DistClean command="$make -f $makefile distclean$target" />
					<AskRebuildNeeded command="$make -q -f $makefile " />
					<SilentBuild command="$make -f $makefile  &gt; $(CMD_NULL)" />
				</MakeCommands>
			</Target>
			<Target title="Linux">
				<Option platforms="Unix;" />
				<Option output="../../bin/Linux/MouseAndJoystick" prefix_auto="0" extension_auto="0" />
				<Option type="1" />
				<Option compiler="gcc" />
				<Compiler>
					<Add option="-g" />
					<Add option="-D_IRR_STATIC_LIB_" />
					<Add directory="include" />
				</Compiler>
				<Linker>
					<Add library="Xxf86vm" />
					<Add library="X11" />
					<Add library="GL" />
					<Add directory="../../lib/Linux" />
				</Linker>
			</Target>
		</Build>
		<VirtualTargets>
			<Add alias="All" targets="Windows;Linux;" />
		</VirtualTargets>
		<Compiler>
			<Add option="-g" />
			<Add directory="../irrlicht-1.8.4/include" />
		</Compiler>
		<Linker>
			<Add library="Irrlicht" />
			<Add library="libbox2d.a" />
			<Add directory="../irrlicht-1.8.4/lib/Win32-gcc" />
			<Add directory="../box2d/bin/Debug" />
		</Linker>
		<Unit filename="Makefile" />
		<Unit filename="include/Enemigo.h" />
		<Unit filename="include/Game.h" />
		<Unit filename="main.cpp" />
		<Unit filename="src/Enemigo.cpp" />
		<Unit filename="src/Game.cpp" />
		<Extensions>
			<code_completion />
			<debugger />
			<envvars />
		</Extensions>
	</Project>
</CodeBlocks_project_file>
